// !$*UTF8*$!
{
	archiveVersion = 1;
	classes = {
	};
	objectVersion = 50;
	objects = {

/* Begin PBXBuildFile section */
		5231174A224220BB009DA11E /* AppDelegate.swift in Sources */ = {isa = PBXBuildFile; fileRef = 52311749224220BB009DA11E /* AppDelegate.swift */; };
		5231174C224220BB009DA11E /* NearbyViewController.swift in Sources */ = {isa = PBXBuildFile; fileRef = 5231174B224220BB009DA11E /* NearbyViewController.swift */; };
		52311751224220BC009DA11E /* Assets.xcassets in Resources */ = {isa = PBXBuildFile; fileRef = 52311750224220BC009DA11E /* Assets.xcassets */; };
		52311754224220BC009DA11E /* LaunchScreen.storyboard in Resources */ = {isa = PBXBuildFile; fileRef = 52311752224220BC009DA11E /* LaunchScreen.storyboard */; };
		52460678238450C3007F4255 /* BulgeTabBar.swift in Sources */ = {isa = PBXBuildFile; fileRef = 52460673238450C3007F4255 /* BulgeTabBar.swift */; };
		52460679238450C3007F4255 /* UITabBarItem+.swift in Sources */ = {isa = PBXBuildFile; fileRef = 52460674238450C3007F4255 /* UITabBarItem+.swift */; };
		5246067A238450C3007F4255 /* UITabBar+.swift in Sources */ = {isa = PBXBuildFile; fileRef = 52460675238450C3007F4255 /* UITabBar+.swift */; };
		5246067B238450C3007F4255 /* Extensions.swift in Sources */ = {isa = PBXBuildFile; fileRef = 52460676238450C3007F4255 /* Extensions.swift */; };
		5246067C238450C3007F4255 /* UITabBarController+.swift in Sources */ = {isa = PBXBuildFile; fileRef = 52460677238450C3007F4255 /* UITabBarController+.swift */; };
		52CE97B3238D11F600CDC81B /* UIView+Extensions.swift in Sources */ = {isa = PBXBuildFile; fileRef = 52CE97B2238D11F600CDC81B /* UIView+Extensions.swift */; };
		52CE97B5238D19CB00CDC81B /* LayoutButton.swift in Sources */ = {isa = PBXBuildFile; fileRef = 52CE97B4238D19CB00CDC81B /* LayoutButton.swift */; };
		52CE97B7238D217600CDC81B /* ActivityViewController.swift in Sources */ = {isa = PBXBuildFile; fileRef = 52CE97B6238D217600CDC81B /* ActivityViewController.swift */; };
		52CE97B9238D225400CDC81B /* SendViewController.swift in Sources */ = {isa = PBXBuildFile; fileRef = 52CE97B8238D225400CDC81B /* SendViewController.swift */; };
		52CE97BB238D225E00CDC81B /* MessageViewController.swift in Sources */ = {isa = PBXBuildFile; fileRef = 52CE97BA238D225E00CDC81B /* MessageViewController.swift */; };
		52CE97BD238D226600CDC81B /* MineViewController.swift in Sources */ = {isa = PBXBuildFile; fileRef = 52CE97BC238D226600CDC81B /* MineViewController.swift */; };
		52E630C7238D06490051D1A2 /* TabBarController.swift in Sources */ = {isa = PBXBuildFile; fileRef = 52E630C6238D06490051D1A2 /* TabBarController.swift */; };
/* End PBXBuildFile section */

/* Begin PBXFileReference section */
		52311746224220BB009DA11E /* Demo.app */ = {isa = PBXFileReference; explicitFileType = wrapper.application; includeInIndex = 0; path = Demo.app; sourceTree = BUILT_PRODUCTS_DIR; };
		52311749224220BB009DA11E /* AppDelegate.swift */ = {isa = PBXFileReference; lastKnownFileType = sourcecode.swift; path = AppDelegate.swift; sourceTree = "<group>"; };
		5231174B224220BB009DA11E /* NearbyViewController.swift */ = {isa = PBXFileReference; lastKnownFileType = sourcecode.swift; path = NearbyViewController.swift; sourceTree = "<group>"; };
		52311750224220BC009DA11E /* Assets.xcassets */ = {isa = PBXFileReference; lastKnownFileType = folder.assetcatalog; path = Assets.xcassets; sourceTree = "<group>"; };
		52311753224220BC009DA11E /* Base */ = {isa = PBXFileReference; lastKnownFileType = file.storyboard; name = Base; path = Base.lproj/LaunchScreen.storyboard; sourceTree = "<group>"; };
		52311755224220BC009DA11E /* Info.plist */ = {isa = PBXFileReference; lastKnownFileType = text.plist.xml; path = Info.plist; sourceTree = "<group>"; };
		52460673238450C3007F4255 /* BulgeTabBar.swift */ = {isa = PBXFileReference; fileEncoding = 4; lastKnownFileType = sourcecode.swift; path = BulgeTabBar.swift; sourceTree = "<group>"; };
		52460674238450C3007F4255 /* UITabBarItem+.swift */ = {isa = PBXFileReference; fileEncoding = 4; lastKnownFileType = sourcecode.swift; path = "UITabBarItem+.swift"; sourceTree = "<group>"; };
		52460675238450C3007F4255 /* UITabBar+.swift */ = {isa = PBXFileReference; fileEncoding = 4; lastKnownFileType = sourcecode.swift; path = "UITabBar+.swift"; sourceTree = "<group>"; };
		52460676238450C3007F4255 /* Extensions.swift */ = {isa = PBXFileReference; fileEncoding = 4; lastKnownFileType = sourcecode.swift; path = Extensions.swift; sourceTree = "<group>"; };
		52460677238450C3007F4255 /* UITabBarController+.swift */ = {isa = PBXFileReference; fileEncoding = 4; lastKnownFileType = sourcecode.swift; path = "UITabBarController+.swift"; sourceTree = "<group>"; };
		52CE97B2238D11F600CDC81B /* UIView+Extensions.swift */ = {isa = PBXFileReference; fileEncoding = 4; lastKnownFileType = sourcecode.swift; path = "UIView+Extensions.swift"; sourceTree = "<group>"; };
		52CE97B4238D19CB00CDC81B /* LayoutButton.swift */ = {isa = PBXFileReference; fileEncoding = 4; lastKnownFileType = sourcecode.swift; path = LayoutButton.swift; sourceTree = "<group>"; };
		52CE97B6238D217600CDC81B /* ActivityViewController.swift */ = {isa = PBXFileReference; lastKnownFileType = sourcecode.swift; path = ActivityViewController.swift; sourceTree = "<group>"; };
		52CE97B8238D225400CDC81B /* SendViewController.swift */ = {isa = PBXFileReference; lastKnownFileType = sourcecode.swift; path = SendViewController.swift; sourceTree = "<group>"; };
		52CE97BA238D225E00CDC81B /* MessageViewController.swift */ = {isa = PBXFileReference; lastKnownFileType = sourcecode.swift; path = MessageViewController.swift; sourceTree = "<group>"; };
		52CE97BC238D226600CDC81B /* MineViewController.swift */ = {isa = PBXFileReference; lastKnownFileType = sourcecode.swift; path = MineViewController.swift; sourceTree = "<group>"; };
		52E630C6238D06490051D1A2 /* TabBarController.swift */ = {isa = PBXFileReference; fileEncoding = 4; lastKnownFileType = sourcecode.swift; path = TabBarController.swift; sourceTree = "<group>"; };
		F33725A8DB54E01249AF6D6C /* Pods_Demo.framework */ = {isa = PBXFileReference; explicitFileType = wrapper.framework; includeInIndex = 0; path = Pods_Demo.framework; sourceTree = BUILT_PRODUCTS_DIR; };
/* End PBXFileReference section */

/* Begin PBXFrameworksBuildPhase section */
		52311743224220BB009DA11E /* Frameworks */ = {
			isa = PBXFrameworksBuildPhase;
			buildActionMask = 2147483647;
			files = (
			);
			runOnlyForDeploymentPostprocessing = 0;
		};
/* End PBXFrameworksBuildPhase section */

/* Begin PBXGroup section */
		5231173D224220BB009DA11E = {
			isa = PBXGroup;
			children = (
				52311748224220BB009DA11E /* Demo */,
				52311747224220BB009DA11E /* Products */,
				FF23ACAC068A80CC488968BE /* Frameworks */,
			);
			sourceTree = "<group>";
		};
		52311747224220BB009DA11E /* Products */ = {
			isa = PBXGroup;
			children = (
				52311746224220BB009DA11E /* Demo.app */,
			);
			name = Products;
			sourceTree = "<group>";
		};
		52311748224220BB009DA11E /* Demo */ = {
			isa = PBXGroup;
			children = (
				52460672238450C3007F4255 /* Source */,
				52311749224220BB009DA11E /* AppDelegate.swift */,
				52E630C6238D06490051D1A2 /* TabBarController.swift */,
				5231174B224220BB009DA11E /* NearbyViewController.swift */,
				52CE97B6238D217600CDC81B /* ActivityViewController.swift */,
				52CE97B8238D225400CDC81B /* SendViewController.swift */,
				52CE97BA238D225E00CDC81B /* MessageViewController.swift */,
				52CE97BC238D226600CDC81B /* MineViewController.swift */,
				52311750224220BC009DA11E /* Assets.xcassets */,
				52311752224220BC009DA11E /* LaunchScreen.storyboard */,
				52311755224220BC009DA11E /* Info.plist */,
			);
			path = Demo;
			sourceTree = "<group>";
		};
		52460672238450C3007F4255 /* Source */ = {
			isa = PBXGroup;
			children = (
				52CE97B2238D11F600CDC81B /* UIView+Extensions.swift */,
				52CE97B4238D19CB00CDC81B /* LayoutButton.swift */,
				52460673238450C3007F4255 /* BulgeTabBar.swift */,
				52460674238450C3007F4255 /* UITabBarItem+.swift */,
				52460675238450C3007F4255 /* UITabBar+.swift */,
				52460676238450C3007F4255 /* Extensions.swift */,
				52460677238450C3007F4255 /* UITabBarController+.swift */,
			);
			name = Source;
			path = ../../Source;
			sourceTree = "<group>";
		};
		FF23ACAC068A80CC488968BE /* Frameworks */ = {
			isa = PBXGroup;
			children = (
				F33725A8DB54E01249AF6D6C /* Pods_Demo.framework */,
			);
			name = Frameworks;
			sourceTree = "<group>";
		};
/* End PBXGroup section */

/* Begin PBXNativeTarget section */
		52311745224220BB009DA11E /* Demo */ = {
			isa = PBXNativeTarget;
			buildConfigurationList = 52311758224220BC009DA11E /* Build configuration list for PBXNativeTarget "Demo" */;
			buildPhases = (
				52311742224220BB009DA11E /* Sources */,
				52311743224220BB009DA11E /* Frameworks */,
				52311744224220BB009DA11E /* Resources */,
			);
			buildRules = (
			);
			dependencies = (
			);
			name = Demo;
			productName = Demo;
			productReference = 52311746224220BB009DA11E /* Demo.app */;
			productType = "com.apple.product-type.application";
		};
/* End PBXNativeTarget section */

/* Begin PBXProject section */
		5231173E224220BB009DA11E /* Project object */ = {
			isa = PBXProject;
			attributes = {
				LastSwiftUpdateCheck = 1010;
				LastUpgradeCheck = 1010;
				ORGANIZATIONNAME = Ganguo;
				TargetAttributes = {
					52311745224220BB009DA11E = {
						CreatedOnToolsVersion = 10.1;
					};
				};
			};
			buildConfigurationList = 52311741224220BB009DA11E /* Build configuration list for PBXProject "Demo" */;
			compatibilityVersion = "Xcode 9.3";
			developmentRegion = en;
			hasScannedForEncodings = 0;
			knownRegions = (
				en,
				Base,
			);
			mainGroup = 5231173D224220BB009DA11E;
			productRefGroup = 52311747224220BB009DA11E /* Products */;
			projectDirPath = "";
			projectRoot = "";
			targets = (
				52311745224220BB009DA11E /* Demo */,
			);
		};
/* End PBXProject section */

/* Begin PBXResourcesBuildPhase section */
		52311744224220BB009DA11E /* Resources */ = {
			isa = PBXResourcesBuildPhase;
			buildActionMask = 2147483647;
			files = (
				52311754224220BC009DA11E /* LaunchScreen.storyboard in Resources */,
				52311751224220BC009DA11E /* Assets.xcassets in Resources */,
			);
			runOnlyForDeploymentPostprocessing = 0;
		};
/* End PBXResourcesBuildPhase section */

/* Begin PBXSourcesBuildPhase section */
		52311742224220BB009DA11E /* Sources */ = {
			isa = PBXSourcesBuildPhase;
			buildActionMask = 2147483647;
			files = (
				52CE97B7238D217600CDC81B /* ActivityViewController.swift in Sources */,
				52CE97BB238D225E00CDC81B /* MessageViewController.swift in Sources */,
				5246067A238450C3007F4255 /* UITabBar+.swift in Sources */,
				52CE97BD238D226600CDC81B /* MineViewController.swift in Sources */,
				52CE97B5238D19CB00CDC81B /* LayoutButton.swift in Sources */,
				52E630C7238D06490051D1A2 /* TabBarController.swift in Sources */,
				52460679238450C3007F4255 /* UITabBarItem+.swift in Sources */,
				52CE97B3238D11F600CDC81B /* UIView+Extensions.swift in Sources */,
				5231174C224220BB009DA11E /* NearbyViewController.swift in Sources */,
				5231174A224220BB009DA11E /* AppDelegate.swift in Sources */,
				52CE97B9238D225400CDC81B /* SendViewController.swift in Sources */,
				5246067C238450C3007F4255 /* UITabBarController+.swift in Sources */,
				52460678238450C3007F4255 /* BulgeTabBar.swift in Sources */,
				5246067B238450C3007F4255 /* Extensions.swift in Sources */,
			);
			runOnlyForDeploymentPostprocessing = 0;
		};
/* End PBXSourcesBuildPhase section */

/* Begin PBXVariantGroup section */
		52311752224220BC009DA11E /* LaunchScreen.storyboard */ = {
			isa = PBXVariantGroup;
			children = (
				52311753224220BC009DA11E /* Base */,
			);
			name = LaunchScreen.storyboard;
			sourceTree = "<group>";
		};
/* End PBXVariantGroup section */

/* Begin XCBuildConfiguration section */
		52311756224220BC009DA11E /* Debug */ = {
			isa = XCBuildConfiguration;
			buildSettings = {
				ALWAYS_SEARCH_USER_PATHS = NO;
				CLANG_ANALYZER_NONNULL = YES;
				CLANG_ANALYZER_NUMBER_OBJECT_CONVERSION = YES_AGGRESSIVE;
				CLANG_CXX_LANGUAGE_STANDARD = "gnu++14";
				CLANG_CXX_LIBRARY = "libc++";
				CLANG_ENABLE_MODULES = YES;
				CLANG_ENABLE_OBJC_ARC = YES;
				CLANG_ENABLE_OBJC_WEAK = YES;
				CLANG_WARN_BLOCK_CAPTURE_AUTORELEASING = YES;
				CLANG_WARN_BOOL_CONVERSION = YES;
				CLANG_WARN_COMMA = YES;
				CLANG_WARN_CONSTANT_CONVERSION = YES;
				CLANG_WARN_DEPRECATED_OBJC_IMPLEMENTATIONS = YES;
				CLANG_WARN_DIRECT_OBJC_ISA_USAGE = YES_ERROR;
				CLANG_WARN_DOCUMENTATION_COMMENTS = YES;
				CLANG_WARN_EMPTY_BODY = YES;
				CLANG_WARN_ENUM_CONVERSION = YES;
				CLANG_WARN_INFINITE_RECURSION = YES;
				CLANG_WARN_INT_CONVERSION = YES;
				CLANG_WARN_NON_LITERAL_NULL_CONVERSION = YES;
				CLANG_WARN_OBJC_IMPLICIT_RETAIN_SELF = YES;
				CLANG_WARN_OBJC_LITERAL_CONVERSION = YES;
				CLANG_WARN_OBJC_ROOT_CLASS = YES_ERROR;
				CLANG_WARN_RANGE_LOOP_ANALYSIS = YES;
				CLANG_WARN_STRICT_PROTOTYPES = YES;
				CLANG_WARN_SUSPICIOUS_MOVE = YES;
				CLANG_WARN_UNGUARDED_AVAILABILITY = YES_AGGRESSIVE;
				CLANG_WARN_UNREACHABLE_CODE = YES;
				CLANG_WARN__DUPLICATE_METHOD_MATCH = YES;
				CODE_SIGN_IDENTITY = "iPhone Developer";
				COPY_PHASE_STRIP = NO;
				DEBUG_INFORMATION_FORMAT = dwarf;
				ENABLE_STRICT_OBJC_MSGSEND = YES;
				ENABLE_TESTABILITY = YES;
				GCC_C_LANGUAGE_STANDARD = gnu11;
				GCC_DYNAMIC_NO_PIC = NO;
				GCC_NO_COMMON_BLOCKS = YES;
				GCC_OPTIMIZATION_LEVEL = 0;
				GCC_PREPROCESSOR_DEFINITIONS = (
					"DEBUG=1",
					"$(inherited)",
				);
				GCC_WARN_64_TO_32_BIT_CONVERSION = YES;
				GCC_WARN_ABOUT_RETURN_TYPE = YES_ERROR;
				GCC_WARN_UNDECLARED_SELECTOR = YES;
				GCC_WARN_UNINITIALIZED_AUTOS = YES_AGGRESSIVE;
				GCC_WARN_UNUSED_FUNCTION = YES;
				GCC_WARN_UNUSED_VARIABLE = YES;
				IPHONEOS_DEPLOYMENT_TARGET = 12.1;
				MTL_ENABLE_DEBUG_INFO = INCLUDE_SOURCE;
				MTL_FAST_MATH = YES;
				ONLY_ACTIVE_ARCH = YES;
				SDKROOT = iphoneos;
				SWIFT_ACTIVE_COMPILATION_CONDITIONS = DEBUG;
				SWIFT_OPTIMIZATION_LEVEL = "-Onone";
			};
			name = Debug;
		};
		52311757224220BC009DA11E /* Release */ = {
			isa = XCBuildConfiguration;
			buildSettings = {
				ALWAYS_SEARCH_USER_PATHS = NO;
				CLANG_ANALYZER_NONNULL = YES;
				CLANG_ANALYZER_NUMBER_OBJECT_CONVERSION = YES_AGGRESSIVE;
				CLANG_CXX_LANGUAGE_STANDARD = "gnu++14";
				CLANG_CXX_LIBRARY = "libc++";
				CLANG_ENABLE_MODULES = YES;
				CLANG_ENABLE_OBJC_ARC = YES;
				CLANG_ENABLE_OBJC_WEAK = YES;
				CLANG_WARN_BLOCK_CAPTURE_AUTORELEASING = YES;
				CLANG_WARN_BOOL_CONVERSION = YES;
				CLANG_WARN_COMMA = YES;
				CLANG_WARN_CONSTANT_CONVERSION = YES;
				CLANG_WARN_DEPRECATED_OBJC_IMPLEMENTATIONS = YES;
				CLANG_WARN_DIRECT_OBJC_ISA_USAGE = YES_ERROR;
				CLANG_WARN_DOCUMENTATION_COMMENTS = YES;
				CLANG_WARN_EMPTY_BODY = YES;
				CLANG_WARN_ENUM_CONVERSION = YES;
				CLANG_WARN_INFINITE_RECURSION = YES;
				CLANG_WARN_INT_CONVERSION = YES;
				CLANG_WARN_NON_LITERAL_NULL_CONVERSION = YES;
				CLANG_WARN_OBJC_IMPLICIT_RETAIN_SELF = YES;
				CLANG_WARN_OBJC_LITERAL_CONVERSION = YES;
				CLANG_WARN_OBJC_ROOT_CLASS = YES_ERROR;
				CLANG_WARN_RANGE_LOOP_ANALYSIS = YES;
				CLANG_WARN_STRICT_PROTOTYPES = YES;
				CLANG_WARN_SUSPICIOUS_MOVE = YES;
				CLANG_WARN_UNGUARDED_AVAILABILITY = YES_AGGRESSIVE;
				CLANG_WARN_UNREACHABLE_CODE = YES;
				CLANG_WARN__DUPLICATE_METHOD_MATCH = YES;
				CODE_SIGN_IDENTITY = "iPhone Developer";
				COPY_PHASE_STRIP = NO;
				DEBUG_INFORMATION_FORMAT = "dwarf-with-dsym";
				ENABLE_NS_ASSERTIONS = NO;
				ENABLE_STRICT_OBJC_MSGSEND = YES;
				GCC_C_LANGUAGE_STANDARD = gnu11;
				GCC_NO_COMMON_BLOCKS = YES;
				GCC_WARN_64_TO_32_BIT_CONVERSION = YES;
				GCC_WARN_ABOUT_RETURN_TYPE = YES_ERROR;
				GCC_WARN_UNDECLARED_SELECTOR = YES;
				GCC_WARN_UNINITIALIZED_AUTOS = YES_AGGRESSIVE;
				GCC_WARN_UNUSED_FUNCTION = YES;
				GCC_WARN_UNUSED_VARIABLE = YES;
				IPHONEOS_DEPLOYMENT_TARGET = 12.1;
				MTL_ENABLE_DEBUG_INFO = NO;
				MTL_FAST_MATH = YES;
				SDKROOT = iphoneos;
				SWIFT_COMPILATION_MODE = wholemodule;
				SWIFT_OPTIMIZATION_LEVEL = "-O";
				VALIDATE_PRODUCT = YES;
			};
			name = Release;
		};
		52311759224220BC009DA11E /* Debug */ = {
			isa = XCBuildConfiguration;
			buildSettings = {
				ASSETCATALOG_COMPILER_APPICON_NAME = AppIcon;
				CODE_SIGN_STYLE = Manual;
				DEVELOPMENT_TEAM = GL2VUTHN95;
				INFOPLIST_FILE = Demo/Info.plist;
				IPHONEOS_DEPLOYMENT_TARGET = 11.0;
				LD_RUNPATH_SEARCH_PATHS = (
					"$(inherited)",
					"@executable_path/Frameworks",
				);
				PRODUCT_BUNDLE_IDENTIFIER = ganguo.hk.Demo;
				PRODUCT_NAME = "$(TARGET_NAME)";
				PROVISIONING_PROFILE_SPECIFIER = dev_all;
				SWIFT_VERSION = 5.0;
				TARGETED_DEVICE_FAMILY = 1;
			};
			name = Debug;
		};
		5231175A224220BC009DA11E /* Release */ = {
			isa = XCBuildConfiguration;
			buildSettings = {
				ASSETCATALOG_COMPILER_APPICON_NAME = AppIcon;
				CODE_SIGN_STYLE = Manual;
				DEVELOPMENT_TEAM = GL2VUTHN95;
				INFOPLIST_FILE = Demo/Info.plist;
				IPHONEOS_DEPLOYMENT_TARGET = 11.0;
				LD_RUNPATH_SEARCH_PATHS = (
					"$(inherited)",
					"@executable_path/Frameworks",
				);
				PRODUCT_BUNDLE_IDENTIFIER = ganguo.hk.Demo;
				PRODUCT_NAME = "$(TARGET_NAME)";
				PROVISIONING_PROFILE_SPECIFIER = dev_all;
				SWIFT_VERSION = 5.0;
				TARGETED_DEVICE_FAMILY = 1;
			};
			name = Release;
		};
/* End XCBuildConfiguration section */

/* Begin XCConfigurationList section */
		52311741224220BB009DA11E /* Build configuration list for PBXProject "Demo" */ = {
			isa = XCConfigurationList;
			buildConfigurations = (
				52311756224220BC009DA11E /* Debug */,
				52311757224220BC009DA11E /* Release */,
			);
			defaultConfigurationIsVisible = 0;
			defaultConfigurationName = Release;
		};
		52311758224220BC009DA11E /* Build configuration list for PBXNativeTarget "Demo" */ = {
			isa = XCConfigurationList;
			buildConfigurations = (
				52311759224220BC009DA11E /* Debug */,
				5231175A224220BC009DA11E /* Release */,
			);
			defaultConfigurationIsVisible = 0;
			defaultConfigurationName = Release;
		};
/* End XCConfigurationList section */
	};
	rootObject = 5231173E224220BB009DA11E /* Project object */;
}
